
Microsoft Visual Studio Solution File, Format Version 12.00
# Visual Studio Version 17
VisualStudioVersion = 17.13.35818.85 d17.13
MinimumVisualStudioVersion = 10.0.40219.1
Project("{FAE04EC0-301F-11D3-BF4B-00C04F79EFBC}") = "CryptoSimulator", "CryptoSimulator\CryptoSimulator.csproj", "{24127056-B602-4869-A59B-89FAB5670437}"
EndProject
Global
	GlobalSection(SolutionConfigurationPlatforms) = preSolution
		Debug|Any CPU = Debug|Any CPU
		Release|Any CPU = Release|Any CPU
	EndGlobalSection
	GlobalSection(ProjectConfigurationPlatforms) = postSolution
		{24127056-B602-4869-A59B-89FAB5670437}.Debug|Any CPU.ActiveCfg = Debug|Any CPU
		{24127056-B602-4869-A59B-89FAB5670437}.Debug|Any CPU.Build.0 = Debug|Any CPU
		{24127056-B602-4869-A59B-89FAB5670437}.Release|Any CPU.ActiveCfg = Release|Any CPU
		{24127056-B602-4869-A59B-89FAB5670437}.Release|Any CPU.Build.0 = Release|Any CPU
	EndGlobalSection
	GlobalSection(SolutionProperties) = preSolution
		HideSolutionNode = FALSE
	EndGlobalSection
	GlobalSection(ExtensibilityGlobals) = postSolution
		SolutionGuid = {BFE2BE24-7781-49EB-93A0-99F93C0C4BAF}
	EndGlobalSection
EndGlobal
